
Microsoft Visual Studio Solution File, Format Version 12.00
# Visual Studio Version 17
VisualStudioVersion = 17.3.32901.215
MinimumVisualStudioVersion = 10.0.40219.1
Project("{FAE04EC0-301F-11D3-BF4B-00C04F79EFBC}") = "Homework_39", "Homework_39\Homework_39.csproj", "{784BFF91-D9D2-475C-839A-FD1E6264735B}"
EndProject
Global
	GlobalSection(SolutionConfigurationPlatforms) = preSolution
		Debug|Any CPU = Debug|Any CPU
		Release|Any CPU = Release|Any CPU
	EndGlobalSection
	GlobalSection(ProjectConfigurationPlatforms) = postSolution
		{784BFF91-D9D2-475C-839A-FD1E6264735B}.Debug|Any CPU.ActiveCfg = Debug|Any CPU
		{784BFF91-D9D2-475C-839A-FD1E6264735B}.Debug|Any CPU.Build.0 = Debug|Any CPU
		{784BFF91-D9D2-475C-839A-FD1E6264735B}.Release|Any CPU.ActiveCfg = Release|Any CPU
		{784BFF91-D9D2-475C-839A-FD1E6264735B}.Release|Any CPU.Build.0 = Release|Any CPU
	EndGlobalSection
	GlobalSection(SolutionProperties) = preSolution
		HideSolutionNode = FALSE
	EndGlobalSection
	GlobalSection(ExtensibilityGlobals) = postSolution
		SolutionGuid = {6DF715ED-D405-4F66-A5DF-0C9A4E032E82}
	EndGlobalSection
EndGlobal
